
Microsoft Visual Studio Solution File, Format Version 12.00
# Visual Studio Version 17
VisualStudioVersion = 17.7.34024.191
MinimumVisualStudioVersion = 10.0.40219.1
Project("{FAE04EC0-301F-11D3-BF4B-00C04F79EFBC}") = "Lab 1 Creating Classes", "Lab 1 Creating Classes.csproj", "{D74EA53A-0DBD-4B43-93D2-14ACEBF9B038}"
EndProject
Global
	GlobalSection(SolutionConfigurationPlatforms) = preSolution
		Debug|Any CPU = Debug|Any CPU
		Release|Any CPU = Release|Any CPU
	EndGlobalSection
	GlobalSection(ProjectConfigurationPlatforms) = postSolution
		{D74EA53A-0DBD-4B43-93D2-14ACEBF9B038}.Debug|Any CPU.ActiveCfg = Debug|Any CPU
		{D74EA53A-0DBD-4B43-93D2-14ACEBF9B038}.Debug|Any CPU.Build.0 = Debug|Any CPU
		{D74EA53A-0DBD-4B43-93D2-14ACEBF9B038}.Release|Any CPU.ActiveCfg = Release|Any CPU
		{D74EA53A-0DBD-4B43-93D2-14ACEBF9B038}.Release|Any CPU.Build.0 = Release|Any CPU
	EndGlobalSection
	GlobalSection(SolutionProperties) = preSolution
		HideSolutionNode = FALSE
	EndGlobalSection
	GlobalSection(ExtensibilityGlobals) = postSolution
		SolutionGuid = {7E5E580E-C1D0-48D6-9ACA-F409BA6B4BB7}
	EndGlobalSection
EndGlobal
